
Microsoft Visual Studio Solution File, Format Version 12.00
# Visual Studio Version 17
VisualStudioVersion = 17.2.32516.85
MinimumVisualStudioVersion = 10.0.40219.1
Project("{FAE04EC0-301F-11D3-BF4B-00C04F79EFBC}") = "bigSchool", "bigSchool\bigSchool.csproj", "{92074BA5-2F2F-4172-B384-E97541C5CFD8}"
EndProject
Global
	GlobalSection(SolutionConfigurationPlatforms) = preSolution
		Debug|Any CPU = Debug|Any CPU
		Release|Any CPU = Release|Any CPU
	EndGlobalSection
	GlobalSection(ProjectConfigurationPlatforms) = postSolution
		{92074BA5-2F2F-4172-B384-E97541C5CFD8}.Debug|Any CPU.ActiveCfg = Debug|Any CPU
		{92074BA5-2F2F-4172-B384-E97541C5CFD8}.Debug|Any CPU.Build.0 = Debug|Any CPU
		{92074BA5-2F2F-4172-B384-E97541C5CFD8}.Release|Any CPU.ActiveCfg = Release|Any CPU
		{92074BA5-2F2F-4172-B384-E97541C5CFD8}.Release|Any CPU.Build.0 = Release|Any CPU
	EndGlobalSection
	GlobalSection(SolutionProperties) = preSolution
		HideSolutionNode = FALSE
	EndGlobalSection
	GlobalSection(ExtensibilityGlobals) = postSolution
		SolutionGuid = {628C9D56-7390-4A77-A7BB-D0F0EC30AE55}
	EndGlobalSection
EndGlobal
